
Microsoft Visual Studio Solution File, Format Version 12.00
# Visual Studio Version 16
VisualStudioVersion = 16.0.29102.190
MinimumVisualStudioVersion = 10.0.40219.1
Project("{8BC9CEB8-8B4A-11D0-8D11-00A0C91BC942}") = "Arrays and Pointers Practice", "Arrays and Pointers Practice\Arrays and Pointers Practice.vcxproj", "{7DD74E84-9E78-4B50-AA4E-4A3113882666}"
EndProject
Global
	GlobalSection(SolutionConfigurationPlatforms) = preSolution
		Debug|x64 = Debug|x64
		Debug|x86 = Debug|x86
		Release|x64 = Release|x64
		Release|x86 = Release|x86
	EndGlobalSection
	GlobalSection(ProjectConfigurationPlatforms) = postSolution
		{7DD74E84-9E78-4B50-AA4E-4A3113882666}.Debug|x64.ActiveCfg = Debug|x64
		{7DD74E84-9E78-4B50-AA4E-4A3113882666}.Debug|x64.Build.0 = Debug|x64
		{7DD74E84-9E78-4B50-AA4E-4A3113882666}.Debug|x86.ActiveCfg = Debug|Win32
		{7DD74E84-9E78-4B50-AA4E-4A3113882666}.Debug|x86.Build.0 = Debug|Win32
		{7DD74E84-9E78-4B50-AA4E-4A3113882666}.Release|x64.ActiveCfg = Release|x64
		{7DD74E84-9E78-4B50-AA4E-4A3113882666}.Release|x64.Build.0 = Release|x64
		{7DD74E84-9E78-4B50-AA4E-4A3113882666}.Release|x86.ActiveCfg = Release|Win32
		{7DD74E84-9E78-4B50-AA4E-4A3113882666}.Release|x86.Build.0 = Release|Win32
	EndGlobalSection
	GlobalSection(SolutionProperties) = preSolution
		HideSolutionNode = FALSE
	EndGlobalSection
	GlobalSection(ExtensibilityGlobals) = postSolution
		SolutionGuid = {252CB9DD-6D43-4545-B226-FF44E6D6F95A}
	EndGlobalSection
EndGlobal
