
Microsoft Visual Studio Solution File, Format Version 12.00
# Visual Studio Version 16
VisualStudioVersion = 16.0.29102.190
MinimumVisualStudioVersion = 10.0.40219.1
Project("{8BC9CEB8-8B4A-11D0-8D11-00A0C91BC942}") = "Pass By Reference Practice", "Pass By Reference Practice\Pass By Reference Practice.vcxproj", "{CBEF6998-6550-46E5-9C76-7A08DEFCAD45}"
EndProject
Global
	GlobalSection(SolutionConfigurationPlatforms) = preSolution
		Debug|x64 = Debug|x64
		Debug|x86 = Debug|x86
		Release|x64 = Release|x64
		Release|x86 = Release|x86
	EndGlobalSection
	GlobalSection(ProjectConfigurationPlatforms) = postSolution
		{CBEF6998-6550-46E5-9C76-7A08DEFCAD45}.Debug|x64.ActiveCfg = Debug|x64
		{CBEF6998-6550-46E5-9C76-7A08DEFCAD45}.Debug|x64.Build.0 = Debug|x64
		{CBEF6998-6550-46E5-9C76-7A08DEFCAD45}.Debug|x86.ActiveCfg = Debug|Win32
		{CBEF6998-6550-46E5-9C76-7A08DEFCAD45}.Debug|x86.Build.0 = Debug|Win32
		{CBEF6998-6550-46E5-9C76-7A08DEFCAD45}.Release|x64.ActiveCfg = Release|x64
		{CBEF6998-6550-46E5-9C76-7A08DEFCAD45}.Release|x64.Build.0 = Release|x64
		{CBEF6998-6550-46E5-9C76-7A08DEFCAD45}.Release|x86.ActiveCfg = Release|Win32
		{CBEF6998-6550-46E5-9C76-7A08DEFCAD45}.Release|x86.Build.0 = Release|Win32
	EndGlobalSection
	GlobalSection(SolutionProperties) = preSolution
		HideSolutionNode = FALSE
	EndGlobalSection
	GlobalSection(ExtensibilityGlobals) = postSolution
		SolutionGuid = {9A6A87C0-19E7-40C4-880E-A10D25C51CF4}
	EndGlobalSection
EndGlobal
